
Microsoft Visual Studio Solution File, Format Version 12.00
# Visual Studio Version 17
VisualStudioVersion = 17.7.34202.233
MinimumVisualStudioVersion = 10.0.40219.1
Project("{8BC9CEB8-8B4A-11D0-8D11-00A0C91BC942}") = "BooleanExpression", "BooleanExpression.vcxproj", "{6BBE526F-CBF9-4B06-9A80-8EE0205CAF21}"
EndProject
Global
	GlobalSection(SolutionConfigurationPlatforms) = preSolution
		Debug|x64 = Debug|x64
		Debug|x86 = Debug|x86
		Release|x64 = Release|x64
		Release|x86 = Release|x86
	EndGlobalSection
	GlobalSection(ProjectConfigurationPlatforms) = postSolution
		{6BBE526F-CBF9-4B06-9A80-8EE0205CAF21}.Debug|x64.ActiveCfg = Debug|x64
		{6BBE526F-CBF9-4B06-9A80-8EE0205CAF21}.Debug|x64.Build.0 = Debug|x64
		{6BBE526F-CBF9-4B06-9A80-8EE0205CAF21}.Debug|x86.ActiveCfg = Debug|Win32
		{6BBE526F-CBF9-4B06-9A80-8EE0205CAF21}.Debug|x86.Build.0 = Debug|Win32
		{6BBE526F-CBF9-4B06-9A80-8EE0205CAF21}.Release|x64.ActiveCfg = Release|x64
		{6BBE526F-CBF9-4B06-9A80-8EE0205CAF21}.Release|x64.Build.0 = Release|x64
		{6BBE526F-CBF9-4B06-9A80-8EE0205CAF21}.Release|x86.ActiveCfg = Release|Win32
		{6BBE526F-CBF9-4B06-9A80-8EE0205CAF21}.Release|x86.Build.0 = Release|Win32
	EndGlobalSection
	GlobalSection(SolutionProperties) = preSolution
		HideSolutionNode = FALSE
	EndGlobalSection
	GlobalSection(ExtensibilityGlobals) = postSolution
		SolutionGuid = {BEB7AA71-641B-4057-AAFD-FEB6BDE2C1A3}
	EndGlobalSection
EndGlobal
